
Microsoft Visual Studio Solution File, Format Version 12.00
# Visual Studio 15
VisualStudioVersion = 15.0.28307.572
MinimumVisualStudioVersion = 10.0.40219.1
Project("{FAE04EC0-301F-11D3-BF4B-00C04F79EFBC}") = "TreeInTheClouds_Server", "TreeInTheClouds_Server\TreeInTheClouds_Server.csproj", "{F1DA30E1-4D9D-44A1-8D1E-622BD00B5354}"
EndProject
Global
	GlobalSection(SolutionConfigurationPlatforms) = preSolution
		Debug|Any CPU = Debug|Any CPU
		Release|Any CPU = Release|Any CPU
	EndGlobalSection
	GlobalSection(ProjectConfigurationPlatforms) = postSolution
		{F1DA30E1-4D9D-44A1-8D1E-622BD00B5354}.Debug|Any CPU.ActiveCfg = Debug|Any CPU
		{F1DA30E1-4D9D-44A1-8D1E-622BD00B5354}.Debug|Any CPU.Build.0 = Debug|Any CPU
		{F1DA30E1-4D9D-44A1-8D1E-622BD00B5354}.Release|Any CPU.ActiveCfg = Release|Any CPU
		{F1DA30E1-4D9D-44A1-8D1E-622BD00B5354}.Release|Any CPU.Build.0 = Release|Any CPU
	EndGlobalSection
	GlobalSection(SolutionProperties) = preSolution
		HideSolutionNode = FALSE
	EndGlobalSection
	GlobalSection(ExtensibilityGlobals) = postSolution
		SolutionGuid = {37F11242-D30D-44F5-9705-1942ED930074}
	EndGlobalSection
EndGlobal
